{
  "name": "Singapore_demos",
  "version": "0.0.0",
  "lockfileVersion": 1,
  "requires": true,
  "dependencies": {
    "accel-mma84": {
      "version": "0.2.4",
      "resolved": "https://registry.npmjs.org/accel-mma84/-/accel-mma84-0.2.4.tgz",
      "integrity": "sha1-KJibAw/weyizhc3fjbacVWO9eZU=",
      "requires": {
        "sync-queue": "0.0.1"
      },
      "dependencies": {
        "sync-queue": {
          "version": "0.0.1",
          "resolved": "https://registry.npmjs.org/sync-queue/-/sync-queue-0.0.1.tgz",
          "integrity": "sha1-XJcScFf4xxaMPXXuEygAwEReT+Q="
        }
      }
    }
  }
}
